
Microsoft Visual Studio Solution File, Format Version 12.00
# Visual Studio Version 17
VisualStudioVersion = 17.2.32519.379
MinimumVisualStudioVersion = 10.0.40219.1
Project("{FAE04EC0-301F-11D3-BF4B-00C04F79EFBC}") = "Primeiro_Programa", "Primeiro_Programa.csproj", "{0B4B5C70-D4CD-4300-8A00-07E070F21361}"
EndProject
Global
	GlobalSection(SolutionConfigurationPlatforms) = preSolution
		Debug|Any CPU = Debug|Any CPU
		Release|Any CPU = Release|Any CPU
	EndGlobalSection
	GlobalSection(ProjectConfigurationPlatforms) = postSolution
		{0B4B5C70-D4CD-4300-8A00-07E070F21361}.Debug|Any CPU.ActiveCfg = Debug|Any CPU
		{0B4B5C70-D4CD-4300-8A00-07E070F21361}.Debug|Any CPU.Build.0 = Debug|Any CPU
		{0B4B5C70-D4CD-4300-8A00-07E070F21361}.Release|Any CPU.ActiveCfg = Release|Any CPU
		{0B4B5C70-D4CD-4300-8A00-07E070F21361}.Release|Any CPU.Build.0 = Release|Any CPU
	EndGlobalSection
	GlobalSection(SolutionProperties) = preSolution
		HideSolutionNode = FALSE
	EndGlobalSection
	GlobalSection(ExtensibilityGlobals) = postSolution
		SolutionGuid = {EE400DD3-4AF7-4C9F-990A-D8F7F0624E9E}
	EndGlobalSection
EndGlobal
